# engine.lock — the commit this book's arithmetic is COMPUTED BY.
#
# `record.lock`'s sibling, and the same contract read from the other side. The record is what the
# book *quotes*: a pinned commit, a declared footprint, and every quotation verified against a
# committed snapshot. This file pins what the book *runs*. Since 2026-09-02 there is one engine for
# the book and its demos — UniForge's `napkin` crate, registered as `lab/napkin/0001` — and both the
# numbers the pages print and the arithmetic the browser does come from it.
#
# Why the artifact is committed and not built: Our Bubble is public and UniForge is private. A book
# whose pages could only be built by someone with a key to the engine would be a book with a private
# dependency, which is exactly the shape this repository was split out to avoid. So the emitter's
# output and the WebAssembly module are vendored under `engine/`, hashed below, and every clone
# builds and runs with no access to UniForge at all.
#
# Why a pin and not a branch: the same reason as the record's. An engine that quietly advances is an
# engine that can change a number on a page without anyone deciding to. Advancing is a commit.
#
# WHAT IS CHECKED, and by what, on every `make check`:
#
#   1. **the hashes below**, always, needing nothing but this clone: every file in `engine/` is
#      present and hashes to what this file says, and `engine/` carries no file this file does not
#      name. That is `check_edition.py`'s `check_engine()`.
#   2. **the wasm is the same engine as the JSON**, always (node is present in tier 0): the module
#      is loaded and asked the census question, and its answer must be byte-identical to the
#      vendored JSON's own bytes for it. Two artifacts built from one commit, proven to agree.
#   3. **a fresh build reproduces the vendored bytes**, when `UNIFORGE_SRC` points at a UniForge
#      checkout at the commit below. When it does not, the checker prints
#      `engine integrity: unverified — engine source absent` and asserts nothing. A check that
#      cannot run says so; it never passes quietly.
#
# BUMPING THE ENGINE is a deliberate commit, and it is the only way the book's arithmetic advances:
#
#     1. edit `sha` below to the new UniForge commit
#     2. check that commit out in your UniForge clone
#     3. `tools/build_engine.sh`      (re-emits engine/, re-hashes this file; it REFUSES to vendor
#                                      anything if the canonical JSON stops being byte-identical to
#                                      tools/napkin_export.py's output)
#     4. `make check`                 (the tokens re-render; anything that moved is named)
#     5. commit the sha, `engine/` and the hashes together
#
# All five land in ONE commit, for the record's reason: a bump that updates the pin without
# re-vendoring would leave the book computing with one commit and citing another.
#
# A PIN THAT IS NOT YET ON `main` IS A PIN THAT MUST MOVE.
#
# `ref` names the branch the `sha` below is expected to be reachable from, and `tools/build_engine.sh`
# checks exactly that whenever `UNIFORGE_SRC` is present: if the pinned commit is not an ancestor of
# `origin/main` in that checkout, it says so, loudly, by name. It does not refuse — a pre-merge
# vendoring is how a UniForge change is *reviewed* against this book, and refusing would make that
# impossible — but it is a debt with a due date, and the due date is the merge.
#
#   2026-09-04 · pinned to UniForge `napkin/engine` at f8f07eb, the head of UniForge PR #362
#   (lab/napkin/0003 — the five engine gaps). The pin moved to UniForge main on 2026-09-04 (#362 merged
#   at ee6114e, lint fix #363 at aab98a9); this note is the record that it was once ahead of main.
#
#   2026-09-17 · review-vendored at the #366 replay head 5ba7a5e ahead of UniForge PR #367's merge.
#   2026-09-21 · the pin moved to that PR's merge commit eeeae59 on UniForge main.
#
# Format: `key = value`, one per line; `#` comments; repeated keys accumulate. `record.lock`'s.

version       = 1
repo          = github.com/zacharyelston/UniForge
ref           = main
sha           = eeeae59804c0bc6f15821aeb69ef58958ca57c08
crate         = napkin
crate_version = 0.1.2
register      = lab/napkin/0001-napkin-engine-register
register      = lab/napkin/0003-engine-gaps
register      = lab/napkin/0005-experiment-replay

# The toolchain. UniForge pins rustc and the wasm target in its own `core/rust-toolchain.toml`, so
# `cargo` run inside that checkout uses exactly this channel and `tools/build_engine.sh` only
# records what it saw. `wasm-bindgen` is the one tool the checkout does not pin: the module and its
# glue are written by it as a matching pair, so the build script refuses a different version rather
# than vendoring a pair that were never built together.

rustc         = rustc 1.97.1 (8bab26f4f 2026-07-14)
target        = wasm32-unknown-unknown
wasm_bindgen  = wasm-bindgen 0.2.127

# The build, exactly. Run from a UniForge checkout at the commit above; `tools/build_engine.sh` is
# the executable form of these four lines and is what anyone should actually run.

build = cd $UNIFORGE_SRC/core && cargo run --release -p napkin --bin napkin-export > engine/napkin.json
build = cd tools/engine_emit && cargo run --release > engine/rows.json   # R07 R10 R19 + G01–G05
build = cd $UNIFORGE_SRC/core && cargo build --release -p napkin --lib --features wasm --target wasm32-unknown-unknown
build = wasm-bindgen --target web --out-dir engine/ $UNIFORGE_SRC/core/target/wasm32-unknown-unknown/release/napkin.wasm

# The vendored files, and what they hashed to when they were built.
#
# Every file, not a list of interesting ones: a lock naming only some of them is
# satisfied by deleting the rest. `check_edition.py` compares this block against the
# directory in both directions on every run.

sha256 = 7fdabbfac56f8705f1d1ea5f8cde6ecda39b91f07f48fc65e639bdc784b2a43a  engine/napkin.d.ts
sha256 = f8ae662262a144813ba87c6a28a5161c990d3c5566de8f8fc0cca6b65b619ca0  engine/napkin.js
sha256 = a770f4c4d1b08e8858ad21ef39e5276996ad482126f92b0dc8932722470be007  engine/napkin.json
sha256 = 3cd215a3b30fa7a73d96de0af9ae6d920f58129af08e02312a67dbb47d6662ed  engine/napkin_bg.wasm
sha256 = 1d69ae7ae5728a5d676df1bd8b40aba6cce026d003c15a54a95e3bf095a2ee1a  engine/napkin_bg.wasm.d.ts
sha256 = 981997afe19a618b583e771aff6637e8910f5431b409d19e64bedabede073b18  engine/rows.json
